
Microsoft Visual Studio Solution File, Format Version 12.00
# Visual Studio Version 17
VisualStudioVersion = 17.7.34202.233
MinimumVisualStudioVersion = 10.0.40219.1
Project("{9A19103F-16F7-4668-BE54-9A1E7A4F7556}") = "Rocky", "Rocky.csproj", "{AA1299F2-43C1-4CC3-90B0-D2EF900E9379}"
EndProject
Global
	GlobalSection(SolutionConfigurationPlatforms) = preSolution
		Debug|Any CPU = Debug|Any CPU
		Release|Any CPU = Release|Any CPU
	EndGlobalSection
	GlobalSection(ProjectConfigurationPlatforms) = postSolution
		{AA1299F2-43C1-4CC3-90B0-D2EF900E9379}.Debug|Any CPU.ActiveCfg = Debug|Any CPU
		{AA1299F2-43C1-4CC3-90B0-D2EF900E9379}.Debug|Any CPU.Build.0 = Debug|Any CPU
		{AA1299F2-43C1-4CC3-90B0-D2EF900E9379}.Release|Any CPU.ActiveCfg = Release|Any CPU
		{AA1299F2-43C1-4CC3-90B0-D2EF900E9379}.Release|Any CPU.Build.0 = Release|Any CPU
	EndGlobalSection
	GlobalSection(SolutionProperties) = preSolution
		HideSolutionNode = FALSE
	EndGlobalSection
	GlobalSection(ExtensibilityGlobals) = postSolution
		SolutionGuid = {430D1792-1A0D-420E-8E3F-27DB7D0EFF43}
	EndGlobalSection
EndGlobal
